// !$*UTF8*$!
{
	archiveVersion = 1;
	classes = {
	};
	objectVersion = 56;
	objects = {

/* Begin PBXBuildFile section */
		923795822B6D9D570074711B /* Service.swift in Sources */ = {isa = PBXBuildFile; fileRef = 923795812B6D9D570074711B /* Service.swift */; };
		923795842B6DA3B10074711B /* Bindable.swift in Sources */ = {isa = PBXBuildFile; fileRef = 923795832B6DA3B10074711B /* Bindable.swift */; };
		9287EC9F2B6C1C31002AA8EE /* AppDelegate.swift in Sources */ = {isa = PBXBuildFile; fileRef = 9287EC9E2B6C1C31002AA8EE /* AppDelegate.swift */; };
		9287ECA12B6C1C31002AA8EE /* SceneDelegate.swift in Sources */ = {isa = PBXBuildFile; fileRef = 9287ECA02B6C1C31002AA8EE /* SceneDelegate.swift */; };
		9287ECA32B6C1C31002AA8EE /* FeedViewController.swift in Sources */ = {isa = PBXBuildFile; fileRef = 9287ECA22B6C1C31002AA8EE /* FeedViewController.swift */; };
		9287ECA82B6C1C32002AA8EE /* Assets.xcassets in Resources */ = {isa = PBXBuildFile; fileRef = 9287ECA72B6C1C32002AA8EE /* Assets.xcassets */; };
		9287ECAB2B6C1C32002AA8EE /* LaunchScreen.storyboard in Resources */ = {isa = PBXBuildFile; fileRef = 9287ECA92B6C1C32002AA8EE /* LaunchScreen.storyboard */; };
		92BE904E2B864FDD00B18C8E /* LoadingViewController.swift in Sources */ = {isa = PBXBuildFile; fileRef = 92BE904D2B864FDD00B18C8E /* LoadingViewController.swift */; };
		92BE90502B86502E00B18C8E /* LoadingViewModel.swift in Sources */ = {isa = PBXBuildFile; fileRef = 92BE904F2B86502E00B18C8E /* LoadingViewModel.swift */; };
		92C7E28B2B8544C30038955D /* auth.json in Resources */ = {isa = PBXBuildFile; fileRef = 92C7E2872B8544C20038955D /* auth.json */; };
		92C7E28C2B8544C30038955D /* suggestions.json in Resources */ = {isa = PBXBuildFile; fileRef = 92C7E2882B8544C20038955D /* suggestions.json */; };
		92C7E28D2B8544C30038955D /* tips.json in Resources */ = {isa = PBXBuildFile; fileRef = 92C7E2892B8544C20038955D /* tips.json */; };
		92C7E28E2B8544C30038955D /* keys.json in Resources */ = {isa = PBXBuildFile; fileRef = 92C7E28A2B8544C30038955D /* keys.json */; };
/* End PBXBuildFile section */

/* Begin PBXFileReference section */
		923795812B6D9D570074711B /* Service.swift */ = {isa = PBXFileReference; lastKnownFileType = sourcecode.swift; path = Service.swift; sourceTree = "<group>"; };
		923795832B6DA3B10074711B /* Bindable.swift */ = {isa = PBXFileReference; lastKnownFileType = sourcecode.swift; path = Bindable.swift; sourceTree = "<group>"; };
		9287EC9B2B6C1C31002AA8EE /* CathoTeste.app */ = {isa = PBXFileReference; explicitFileType = wrapper.application; includeInIndex = 0; path = CathoTeste.app; sourceTree = BUILT_PRODUCTS_DIR; };
		9287EC9E2B6C1C31002AA8EE /* AppDelegate.swift */ = {isa = PBXFileReference; lastKnownFileType = sourcecode.swift; path = AppDelegate.swift; sourceTree = "<group>"; };
		9287ECA02B6C1C31002AA8EE /* SceneDelegate.swift */ = {isa = PBXFileReference; lastKnownFileType = sourcecode.swift; path = SceneDelegate.swift; sourceTree = "<group>"; };
		9287ECA22B6C1C31002AA8EE /* FeedViewController.swift */ = {isa = PBXFileReference; lastKnownFileType = sourcecode.swift; path = FeedViewController.swift; sourceTree = "<group>"; };
		9287ECA72B6C1C32002AA8EE /* Assets.xcassets */ = {isa = PBXFileReference; lastKnownFileType = folder.assetcatalog; path = Assets.xcassets; sourceTree = "<group>"; };
		9287ECAA2B6C1C32002AA8EE /* Base */ = {isa = PBXFileReference; lastKnownFileType = file.storyboard; name = Base; path = Base.lproj/LaunchScreen.storyboard; sourceTree = "<group>"; };
		9287ECAC2B6C1C32002AA8EE /* Info.plist */ = {isa = PBXFileReference; lastKnownFileType = text.plist.xml; path = Info.plist; sourceTree = "<group>"; };
		92BE904D2B864FDD00B18C8E /* LoadingViewController.swift */ = {isa = PBXFileReference; lastKnownFileType = sourcecode.swift; path = LoadingViewController.swift; sourceTree = "<group>"; };
		92BE904F2B86502E00B18C8E /* LoadingViewModel.swift */ = {isa = PBXFileReference; lastKnownFileType = sourcecode.swift; path = LoadingViewModel.swift; sourceTree = "<group>"; };
		92C7E2872B8544C20038955D /* auth.json */ = {isa = PBXFileReference; fileEncoding = 4; lastKnownFileType = text.json; path = auth.json; sourceTree = "<group>"; };
		92C7E2882B8544C20038955D /* suggestions.json */ = {isa = PBXFileReference; fileEncoding = 4; lastKnownFileType = text.json; path = suggestions.json; sourceTree = "<group>"; };
		92C7E2892B8544C20038955D /* tips.json */ = {isa = PBXFileReference; fileEncoding = 4; lastKnownFileType = text.json; path = tips.json; sourceTree = "<group>"; };
		92C7E28A2B8544C30038955D /* keys.json */ = {isa = PBXFileReference; fileEncoding = 4; lastKnownFileType = text.json; path = keys.json; sourceTree = "<group>"; };
/* End PBXFileReference section */

/* Begin PBXFrameworksBuildPhase section */
		9287EC982B6C1C31002AA8EE /* Frameworks */ = {
			isa = PBXFrameworksBuildPhase;
			buildActionMask = 2147483647;
			files = (
			);
			runOnlyForDeploymentPostprocessing = 0;
		};
/* End PBXFrameworksBuildPhase section */

/* Begin PBXGroup section */
		923795802B6D9C680074711B /* Resources */ = {
			isa = PBXGroup;
			children = (
				9287EC9E2B6C1C31002AA8EE /* AppDelegate.swift */,
				9287ECA02B6C1C31002AA8EE /* SceneDelegate.swift */,
				9287ECA72B6C1C32002AA8EE /* Assets.xcassets */,
				9287ECA92B6C1C32002AA8EE /* LaunchScreen.storyboard */,
				9287ECAC2B6C1C32002AA8EE /* Info.plist */,
			);
			path = Resources;
			sourceTree = "<group>";
		};
		928163322B7FDD3C00C302D7 /* MockJson */ = {
			isa = PBXGroup;
			children = (
				92C7E2872B8544C20038955D /* auth.json */,
				92C7E28A2B8544C30038955D /* keys.json */,
				92C7E2882B8544C20038955D /* suggestions.json */,
				92C7E2892B8544C20038955D /* tips.json */,
			);
			path = MockJson;
			sourceTree = "<group>";
		};
		9287EC922B6C1C31002AA8EE = {
			isa = PBXGroup;
			children = (
				9287EC9D2B6C1C31002AA8EE /* CathoTeste */,
				9287EC9C2B6C1C31002AA8EE /* Products */,
			);
			sourceTree = "<group>";
		};
		9287EC9C2B6C1C31002AA8EE /* Products */ = {
			isa = PBXGroup;
			children = (
				9287EC9B2B6C1C31002AA8EE /* CathoTeste.app */,
			);
			name = Products;
			sourceTree = "<group>";
		};
		9287EC9D2B6C1C31002AA8EE /* CathoTeste */ = {
			isa = PBXGroup;
			children = (
				923795802B6D9C680074711B /* Resources */,
				928163322B7FDD3C00C302D7 /* MockJson */,
				923795812B6D9D570074711B /* Service.swift */,
				923795832B6DA3B10074711B /* Bindable.swift */,
				9287ECA22B6C1C31002AA8EE /* FeedViewController.swift */,
				92BE904D2B864FDD00B18C8E /* LoadingViewController.swift */,
				92BE904F2B86502E00B18C8E /* LoadingViewModel.swift */,
			);
			path = CathoTeste;
			sourceTree = "<group>";
		};
/* End PBXGroup section */

/* Begin PBXNativeTarget section */
		9287EC9A2B6C1C31002AA8EE /* CathoTeste */ = {
			isa = PBXNativeTarget;
			buildConfigurationList = 9287ECAF2B6C1C32002AA8EE /* Build configuration list for PBXNativeTarget "CathoTeste" */;
			buildPhases = (
				9287EC972B6C1C31002AA8EE /* Sources */,
				9287EC982B6C1C31002AA8EE /* Frameworks */,
				9287EC992B6C1C31002AA8EE /* Resources */,
			);
			buildRules = (
			);
			dependencies = (
			);
			name = CathoTeste;
			productName = CathoTeste;
			productReference = 9287EC9B2B6C1C31002AA8EE /* CathoTeste.app */;
			productType = "com.apple.product-type.application";
		};
/* End PBXNativeTarget section */

/* Begin PBXProject section */
		9287EC932B6C1C31002AA8EE /* Project object */ = {
			isa = PBXProject;
			attributes = {
				BuildIndependentTargetsInParallel = 1;
				LastSwiftUpdateCheck = 1500;
				LastUpgradeCheck = 1500;
				TargetAttributes = {
					9287EC9A2B6C1C31002AA8EE = {
						CreatedOnToolsVersion = 15.0.1;
					};
				};
			};
			buildConfigurationList = 9287EC962B6C1C31002AA8EE /* Build configuration list for PBXProject "CathoTeste" */;
			compatibilityVersion = "Xcode 14.0";
			developmentRegion = en;
			hasScannedForEncodings = 0;
			knownRegions = (
				en,
				Base,
			);
			mainGroup = 9287EC922B6C1C31002AA8EE;
			productRefGroup = 9287EC9C2B6C1C31002AA8EE /* Products */;
			projectDirPath = "";
			projectRoot = "";
			targets = (
				9287EC9A2B6C1C31002AA8EE /* CathoTeste */,
			);
		};
/* End PBXProject section */

/* Begin PBXResourcesBuildPhase section */
		9287EC992B6C1C31002AA8EE /* Resources */ = {
			isa = PBXResourcesBuildPhase;
			buildActionMask = 2147483647;
			files = (
				9287ECAB2B6C1C32002AA8EE /* LaunchScreen.storyboard in Resources */,
				92C7E28E2B8544C30038955D /* keys.json in Resources */,
				92C7E28B2B8544C30038955D /* auth.json in Resources */,
				92C7E28D2B8544C30038955D /* tips.json in Resources */,
				9287ECA82B6C1C32002AA8EE /* Assets.xcassets in Resources */,
				92C7E28C2B8544C30038955D /* suggestions.json in Resources */,
			);
			runOnlyForDeploymentPostprocessing = 0;
		};
/* End PBXResourcesBuildPhase section */

/* Begin PBXSourcesBuildPhase section */
		9287EC972B6C1C31002AA8EE /* Sources */ = {
			isa = PBXSourcesBuildPhase;
			buildActionMask = 2147483647;
			files = (
				923795842B6DA3B10074711B /* Bindable.swift in Sources */,
				9287ECA32B6C1C31002AA8EE /* FeedViewController.swift in Sources */,
				923795822B6D9D570074711B /* Service.swift in Sources */,
				92BE90502B86502E00B18C8E /* LoadingViewModel.swift in Sources */,
				9287EC9F2B6C1C31002AA8EE /* AppDelegate.swift in Sources */,
				9287ECA12B6C1C31002AA8EE /* SceneDelegate.swift in Sources */,
				92BE904E2B864FDD00B18C8E /* LoadingViewController.swift in Sources */,
			);
			runOnlyForDeploymentPostprocessing = 0;
		};
/* End PBXSourcesBuildPhase section */

/* Begin PBXVariantGroup section */
		9287ECA92B6C1C32002AA8EE /* LaunchScreen.storyboard */ = {
			isa = PBXVariantGroup;
			children = (
				9287ECAA2B6C1C32002AA8EE /* Base */,
			);
			name = LaunchScreen.storyboard;
			sourceTree = "<group>";
		};
/* End PBXVariantGroup section */

/* Begin XCBuildConfiguration section */
		9287ECAD2B6C1C32002AA8EE /* Debug */ = {
			isa = XCBuildConfiguration;
			buildSettings = {
				ALWAYS_SEARCH_USER_PATHS = NO;
				ASSETCATALOG_COMPILER_GENERATE_SWIFT_ASSET_SYMBOL_EXTENSIONS = YES;
				CLANG_ANALYZER_NONNULL = YES;
				CLANG_ANALYZER_NUMBER_OBJECT_CONVERSION = YES_AGGRESSIVE;
				CLANG_CXX_LANGUAGE_STANDARD = "gnu++20";
				CLANG_ENABLE_MODULES = YES;
				CLANG_ENABLE_OBJC_ARC = YES;
				CLANG_ENABLE_OBJC_WEAK = YES;
				CLANG_WARN_BLOCK_CAPTURE_AUTORELEASING = YES;
				CLANG_WARN_BOOL_CONVERSION = YES;
				CLANG_WARN_COMMA = YES;
				CLANG_WARN_CONSTANT_CONVERSION = YES;
				CLANG_WARN_DEPRECATED_OBJC_IMPLEMENTATIONS = YES;
				CLANG_WARN_DIRECT_OBJC_ISA_USAGE = YES_ERROR;
				CLANG_WARN_DOCUMENTATION_COMMENTS = YES;
				CLANG_WARN_EMPTY_BODY = YES;
				CLANG_WARN_ENUM_CONVERSION = YES;
				CLANG_WARN_INFINITE_RECURSION = YES;
				CLANG_WARN_INT_CONVERSION = YES;
				CLANG_WARN_NON_LITERAL_NULL_CONVERSION = YES;
				CLANG_WARN_OBJC_IMPLICIT_RETAIN_SELF = YES;
				CLANG_WARN_OBJC_LITERAL_CONVERSION = YES;
				CLANG_WARN_OBJC_ROOT_CLASS = YES_ERROR;
				CLANG_WARN_QUOTED_INCLUDE_IN_FRAMEWORK_HEADER = YES;
				CLANG_WARN_RANGE_LOOP_ANALYSIS = YES;
				CLANG_WARN_STRICT_PROTOTYPES = YES;
				CLANG_WARN_SUSPICIOUS_MOVE = YES;
				CLANG_WARN_UNGUARDED_AVAILABILITY = YES_AGGRESSIVE;
				CLANG_WARN_UNREACHABLE_CODE = YES;
				CLANG_WARN__DUPLICATE_METHOD_MATCH = YES;
				COPY_PHASE_STRIP = NO;
				DEBUG_INFORMATION_FORMAT = dwarf;
				ENABLE_STRICT_OBJC_MSGSEND = YES;
				ENABLE_TESTABILITY = YES;
				ENABLE_USER_SCRIPT_SANDBOXING = YES;
				GCC_C_LANGUAGE_STANDARD = gnu17;
				GCC_DYNAMIC_NO_PIC = NO;
				GCC_NO_COMMON_BLOCKS = YES;
				GCC_OPTIMIZATION_LEVEL = 0;
				GCC_PREPROCESSOR_DEFINITIONS = (
					"DEBUG=1",
					"$(inherited)",
				);
				GCC_WARN_64_TO_32_BIT_CONVERSION = YES;
				GCC_WARN_ABOUT_RETURN_TYPE = YES_ERROR;
				GCC_WARN_UNDECLARED_SELECTOR = YES;
				GCC_WARN_UNINITIALIZED_AUTOS = YES_AGGRESSIVE;
				GCC_WARN_UNUSED_FUNCTION = YES;
				GCC_WARN_UNUSED_VARIABLE = YES;
				IPHONEOS_DEPLOYMENT_TARGET = 17.0;
				LOCALIZATION_PREFERS_STRING_CATALOGS = YES;
				MTL_ENABLE_DEBUG_INFO = INCLUDE_SOURCE;
				MTL_FAST_MATH = YES;
				ONLY_ACTIVE_ARCH = YES;
				SDKROOT = iphoneos;
				SWIFT_ACTIVE_COMPILATION_CONDITIONS = "DEBUG $(inherited)";
				SWIFT_OPTIMIZATION_LEVEL = "-Onone";
			};
			name = Debug;
		};
		9287ECAE2B6C1C32002AA8EE /* Release */ = {
			isa = XCBuildConfiguration;
			buildSettings = {
				ALWAYS_SEARCH_USER_PATHS = NO;
				ASSETCATALOG_COMPILER_GENERATE_SWIFT_ASSET_SYMBOL_EXTENSIONS = YES;
				CLANG_ANALYZER_NONNULL = YES;
				CLANG_ANALYZER_NUMBER_OBJECT_CONVERSION = YES_AGGRESSIVE;
				CLANG_CXX_LANGUAGE_STANDARD = "gnu++20";
				CLANG_ENABLE_MODULES = YES;
				CLANG_ENABLE_OBJC_ARC = YES;
				CLANG_ENABLE_OBJC_WEAK = YES;
				CLANG_WARN_BLOCK_CAPTURE_AUTORELEASING = YES;
				CLANG_WARN_BOOL_CONVERSION = YES;
				CLANG_WARN_COMMA = YES;
				CLANG_WARN_CONSTANT_CONVERSION = YES;
				CLANG_WARN_DEPRECATED_OBJC_IMPLEMENTATIONS = YES;
				CLANG_WARN_DIRECT_OBJC_ISA_USAGE = YES_ERROR;
				CLANG_WARN_DOCUMENTATION_COMMENTS = YES;
				CLANG_WARN_EMPTY_BODY = YES;
				CLANG_WARN_ENUM_CONVERSION = YES;
				CLANG_WARN_INFINITE_RECURSION = YES;
				CLANG_WARN_INT_CONVERSION = YES;
				CLANG_WARN_NON_LITERAL_NULL_CONVERSION = YES;
				CLANG_WARN_OBJC_IMPLICIT_RETAIN_SELF = YES;
				CLANG_WARN_OBJC_LITERAL_CONVERSION = YES;
				CLANG_WARN_OBJC_ROOT_CLASS = YES_ERROR;
				CLANG_WARN_QUOTED_INCLUDE_IN_FRAMEWORK_HEADER = YES;
				CLANG_WARN_RANGE_LOOP_ANALYSIS = YES;
				CLANG_WARN_STRICT_PROTOTYPES = YES;
				CLANG_WARN_SUSPICIOUS_MOVE = YES;
				CLANG_WARN_UNGUARDED_AVAILABILITY = YES_AGGRESSIVE;
				CLANG_WARN_UNREACHABLE_CODE = YES;
				CLANG_WARN__DUPLICATE_METHOD_MATCH = YES;
				COPY_PHASE_STRIP = NO;
				DEBUG_INFORMATION_FORMAT = "dwarf-with-dsym";
				ENABLE_NS_ASSERTIONS = NO;
				ENABLE_STRICT_OBJC_MSGSEND = YES;
				ENABLE_USER_SCRIPT_SANDBOXING = YES;
				GCC_C_LANGUAGE_STANDARD = gnu17;
				GCC_NO_COMMON_BLOCKS = YES;
				GCC_WARN_64_TO_32_BIT_CONVERSION = YES;
				GCC_WARN_ABOUT_RETURN_TYPE = YES_ERROR;
				GCC_WARN_UNDECLARED_SELECTOR = YES;
				GCC_WARN_UNINITIALIZED_AUTOS = YES_AGGRESSIVE;
				GCC_WARN_UNUSED_FUNCTION = YES;
				GCC_WARN_UNUSED_VARIABLE = YES;
				IPHONEOS_DEPLOYMENT_TARGET = 17.0;
				LOCALIZATION_PREFERS_STRING_CATALOGS = YES;
				MTL_ENABLE_DEBUG_INFO = NO;
				MTL_FAST_MATH = YES;
				SDKROOT = iphoneos;
				SWIFT_COMPILATION_MODE = wholemodule;
				VALIDATE_PRODUCT = YES;
			};
			name = Release;
		};
		9287ECB02B6C1C32002AA8EE /* Debug */ = {
			isa = XCBuildConfiguration;
			buildSettings = {
				ASSETCATALOG_COMPILER_APPICON_NAME = AppIcon;
				ASSETCATALOG_COMPILER_GLOBAL_ACCENT_COLOR_NAME = AccentColor;
				CODE_SIGN_STYLE = Automatic;
				CURRENT_PROJECT_VERSION = 1;
				DEVELOPMENT_TEAM = 57HYQW6DAG;
				GENERATE_INFOPLIST_FILE = YES;
				INFOPLIST_FILE = CathoTeste/Resources/Info.plist;
				INFOPLIST_KEY_UIApplicationSupportsIndirectInputEvents = YES;
				INFOPLIST_KEY_UILaunchStoryboardName = LaunchScreen;
				INFOPLIST_KEY_UISupportedInterfaceOrientations_iPad = "UIInterfaceOrientationPortrait UIInterfaceOrientationPortraitUpsideDown UIInterfaceOrientationLandscapeLeft UIInterfaceOrientationLandscapeRight";
				INFOPLIST_KEY_UISupportedInterfaceOrientations_iPhone = "UIInterfaceOrientationPortrait UIInterfaceOrientationLandscapeLeft UIInterfaceOrientationLandscapeRight";
				LD_RUNPATH_SEARCH_PATHS = (
					"$(inherited)",
					"@executable_path/Frameworks",
				);
				MARKETING_VERSION = 1.0;
				PRODUCT_BUNDLE_IDENTIFIER = com.diggosilva.CathoTeste;
				PRODUCT_NAME = "$(TARGET_NAME)";
				SWIFT_EMIT_LOC_STRINGS = YES;
				SWIFT_VERSION = 5.0;
				TARGETED_DEVICE_FAMILY = "1,2";
			};
			name = Debug;
		};
		9287ECB12B6C1C32002AA8EE /* Release */ = {
			isa = XCBuildConfiguration;
			buildSettings = {
				ASSETCATALOG_COMPILER_APPICON_NAME = AppIcon;
				ASSETCATALOG_COMPILER_GLOBAL_ACCENT_COLOR_NAME = AccentColor;
				CODE_SIGN_STYLE = Automatic;
				CURRENT_PROJECT_VERSION = 1;
				DEVELOPMENT_TEAM = 57HYQW6DAG;
				GENERATE_INFOPLIST_FILE = YES;
				INFOPLIST_FILE = CathoTeste/Resources/Info.plist;
				INFOPLIST_KEY_UIApplicationSupportsIndirectInputEvents = YES;
				INFOPLIST_KEY_UILaunchStoryboardName = LaunchScreen;
				INFOPLIST_KEY_UISupportedInterfaceOrientations_iPad = "UIInterfaceOrientationPortrait UIInterfaceOrientationPortraitUpsideDown UIInterfaceOrientationLandscapeLeft UIInterfaceOrientationLandscapeRight";
				INFOPLIST_KEY_UISupportedInterfaceOrientations_iPhone = "UIInterfaceOrientationPortrait UIInterfaceOrientationLandscapeLeft UIInterfaceOrientationLandscapeRight";
				LD_RUNPATH_SEARCH_PATHS = (
					"$(inherited)",
					"@executable_path/Frameworks",
				);
				MARKETING_VERSION = 1.0;
				PRODUCT_BUNDLE_IDENTIFIER = com.diggosilva.CathoTeste;
				PRODUCT_NAME = "$(TARGET_NAME)";
				SWIFT_EMIT_LOC_STRINGS = YES;
				SWIFT_VERSION = 5.0;
				TARGETED_DEVICE_FAMILY = "1,2";
			};
			name = Release;
		};
/* End XCBuildConfiguration section */

/* Begin XCConfigurationList section */
		9287EC962B6C1C31002AA8EE /* Build configuration list for PBXProject "CathoTeste" */ = {
			isa = XCConfigurationList;
			buildConfigurations = (
				9287ECAD2B6C1C32002AA8EE /* Debug */,
				9287ECAE2B6C1C32002AA8EE /* Release */,
			);
			defaultConfigurationIsVisible = 0;
			defaultConfigurationName = Release;
		};
		9287ECAF2B6C1C32002AA8EE /* Build configuration list for PBXNativeTarget "CathoTeste" */ = {
			isa = XCConfigurationList;
			buildConfigurations = (
				9287ECB02B6C1C32002AA8EE /* Debug */,
				9287ECB12B6C1C32002AA8EE /* Release */,
			);
			defaultConfigurationIsVisible = 0;
			defaultConfigurationName = Release;
		};
/* End XCConfigurationList section */
	};
	rootObject = 9287EC932B6C1C31002AA8EE /* Project object */;
}
